
Microsoft Visual Studio Solution File, Format Version 12.00
# Visual Studio 15
VisualStudioVersion = 15.0.28307.271
MinimumVisualStudioVersion = 10.0.40219.1
Project("{888888A0-9F3D-457C-B088-3A5042F75D52}") = "bonkh", "bonkh\bonkh.pyproj", "{1CC807B8-D1FB-4A97-A7AD-D060B7CD1E3B}"
EndProject
Global
	GlobalSection(SolutionConfigurationPlatforms) = preSolution
		Debug|Any CPU = Debug|Any CPU
		Release|Any CPU = Release|Any CPU
	EndGlobalSection
	GlobalSection(ProjectConfigurationPlatforms) = postSolution
		{1CC807B8-D1FB-4A97-A7AD-D060B7CD1E3B}.Debug|Any CPU.ActiveCfg = Debug|Any CPU
		{1CC807B8-D1FB-4A97-A7AD-D060B7CD1E3B}.Release|Any CPU.ActiveCfg = Release|Any CPU
	EndGlobalSection
	GlobalSection(SolutionProperties) = preSolution
		HideSolutionNode = FALSE
	EndGlobalSection
	GlobalSection(ExtensibilityGlobals) = postSolution
		SolutionGuid = {ABD482FF-767C-4907-A6D3-4F7EDD05236A}
	EndGlobalSection
EndGlobal
